// !$*UTF8*$!
{
	archiveVersion = 1;
	classes = {
	};
	objectVersion = 56;
	objects = {

/* Begin PBXBuildFile section */
		2CA5DD9F2C1DB32B007D608E /* iamrich_swiftuiApp.swift in Sources */ = {isa = PBXBuildFile; fileRef = 2CA5DD9E2C1DB32B007D608E /* iamrich_swiftuiApp.swift */; };
		2CA5DDA12C1DB32B007D608E /* ContentView.swift in Sources */ = {isa = PBXBuildFile; fileRef = 2CA5DDA02C1DB32B007D608E /* ContentView.swift */; };
		2CA5DDA32C1DB32C007D608E /* Assets.xcassets in Resources */ = {isa = PBXBuildFile; fileRef = 2CA5DDA22C1DB32C007D608E /* Assets.xcassets */; };
		2CA5DDA62C1DB32C007D608E /* Preview Assets.xcassets in Resources */ = {isa = PBXBuildFile; fileRef = 2CA5DDA52C1DB32C007D608E /* Preview Assets.xcassets */; };
		2CA5DDB02C1DB32C007D608E /* iamrich_swiftuiTests.swift in Sources */ = {isa = PBXBuildFile; fileRef = 2CA5DDAF2C1DB32C007D608E /* iamrich_swiftuiTests.swift */; };
		2CA5DDBA2C1DB32C007D608E /* iamrich_swiftuiUITests.swift in Sources */ = {isa = PBXBuildFile; fileRef = 2CA5DDB92C1DB32C007D608E /* iamrich_swiftuiUITests.swift */; };
		2CA5DDBC2C1DB32C007D608E /* iamrich_swiftuiUITestsLaunchTests.swift in Sources */ = {isa = PBXBuildFile; fileRef = 2CA5DDBB2C1DB32C007D608E /* iamrich_swiftuiUITestsLaunchTests.swift */; };
/* End PBXBuildFile section */

/* Begin PBXContainerItemProxy section */
		2CA5DDAC2C1DB32C007D608E /* PBXContainerItemProxy */ = {
			isa = PBXContainerItemProxy;
			containerPortal = 2CA5DD932C1DB32B007D608E /* Project object */;
			proxyType = 1;
			remoteGlobalIDString = 2CA5DD9A2C1DB32B007D608E;
			remoteInfo = iamrich_swiftui;
		};
		2CA5DDB62C1DB32C007D608E /* PBXContainerItemProxy */ = {
			isa = PBXContainerItemProxy;
			containerPortal = 2CA5DD932C1DB32B007D608E /* Project object */;
			proxyType = 1;
			remoteGlobalIDString = 2CA5DD9A2C1DB32B007D608E;
			remoteInfo = iamrich_swiftui;
		};
/* End PBXContainerItemProxy section */

/* Begin PBXFileReference section */
		2CA5DD9B2C1DB32B007D608E /* iamrich_swiftui.app */ = {isa = PBXFileReference; explicitFileType = wrapper.application; includeInIndex = 0; path = iamrich_swiftui.app; sourceTree = BUILT_PRODUCTS_DIR; };
		2CA5DD9E2C1DB32B007D608E /* iamrich_swiftuiApp.swift */ = {isa = PBXFileReference; lastKnownFileType = sourcecode.swift; path = iamrich_swiftuiApp.swift; sourceTree = "<group>"; };
		2CA5DDA02C1DB32B007D608E /* ContentView.swift */ = {isa = PBXFileReference; lastKnownFileType = sourcecode.swift; path = ContentView.swift; sourceTree = "<group>"; };
		2CA5DDA22C1DB32C007D608E /* Assets.xcassets */ = {isa = PBXFileReference; lastKnownFileType = folder.assetcatalog; path = Assets.xcassets; sourceTree = "<group>"; };
		2CA5DDA52C1DB32C007D608E /* Preview Assets.xcassets */ = {isa = PBXFileReference; lastKnownFileType = folder.assetcatalog; path = "Preview Assets.xcassets"; sourceTree = "<group>"; };
		2CA5DDAB2C1DB32C007D608E /* iamrich_swiftuiTests.xctest */ = {isa = PBXFileReference; explicitFileType = wrapper.cfbundle; includeInIndex = 0; path = iamrich_swiftuiTests.xctest; sourceTree = BUILT_PRODUCTS_DIR; };
		2CA5DDAF2C1DB32C007D608E /* iamrich_swiftuiTests.swift */ = {isa = PBXFileReference; lastKnownFileType = sourcecode.swift; path = iamrich_swiftuiTests.swift; sourceTree = "<group>"; };
		2CA5DDB52C1DB32C007D608E /* iamrich_swiftuiUITests.xctest */ = {isa = PBXFileReference; explicitFileType = wrapper.cfbundle; includeInIndex = 0; path = iamrich_swiftuiUITests.xctest; sourceTree = BUILT_PRODUCTS_DIR; };
		2CA5DDB92C1DB32C007D608E /* iamrich_swiftuiUITests.swift */ = {isa = PBXFileReference; lastKnownFileType = sourcecode.swift; path = iamrich_swiftuiUITests.swift; sourceTree = "<group>"; };
		2CA5DDBB2C1DB32C007D608E /* iamrich_swiftuiUITestsLaunchTests.swift */ = {isa = PBXFileReference; lastKnownFileType = sourcecode.swift; path = iamrich_swiftuiUITestsLaunchTests.swift; sourceTree = "<group>"; };
/* End PBXFileReference section */

/* Begin PBXFrameworksBuildPhase section */
		2CA5DD982C1DB32B007D608E /* Frameworks */ = {
			isa = PBXFrameworksBuildPhase;
			buildActionMask = 2147483647;
			files = (
			);
			runOnlyForDeploymentPostprocessing = 0;
		};
		2CA5DDA82C1DB32C007D608E /* Frameworks */ = {
			isa = PBXFrameworksBuildPhase;
			buildActionMask = 2147483647;
			files = (
			);
			runOnlyForDeploymentPostprocessing = 0;
		};
		2CA5DDB22C1DB32C007D608E /* Frameworks */ = {
			isa = PBXFrameworksBuildPhase;
			buildActionMask = 2147483647;
			files = (
			);
			runOnlyForDeploymentPostprocessing = 0;
		};
/* End PBXFrameworksBuildPhase section */

/* Begin PBXGroup section */
		2CA5DD922C1DB32B007D608E = {
			isa = PBXGroup;
			children = (
				2CA5DD9D2C1DB32B007D608E /* iamrich_swiftui */,
				2CA5DDAE2C1DB32C007D608E /* iamrich_swiftuiTests */,
				2CA5DDB82C1DB32C007D608E /* iamrich_swiftuiUITests */,
				2CA5DD9C2C1DB32B007D608E /* Products */,
			);
			sourceTree = "<group>";
		};
		2CA5DD9C2C1DB32B007D608E /* Products */ = {
			isa = PBXGroup;
			children = (
				2CA5DD9B2C1DB32B007D608E /* iamrich_swiftui.app */,
				2CA5DDAB2C1DB32C007D608E /* iamrich_swiftuiTests.xctest */,
				2CA5DDB52C1DB32C007D608E /* iamrich_swiftuiUITests.xctest */,
			);
			name = Products;
			sourceTree = "<group>";
		};
		2CA5DD9D2C1DB32B007D608E /* iamrich_swiftui */ = {
			isa = PBXGroup;
			children = (
				2CA5DD9E2C1DB32B007D608E /* iamrich_swiftuiApp.swift */,
				2CA5DDA02C1DB32B007D608E /* ContentView.swift */,
				2CA5DDA22C1DB32C007D608E /* Assets.xcassets */,
				2CA5DDA42C1DB32C007D608E /* Preview Content */,
			);
			path = iamrich_swiftui;
			sourceTree = "<group>";
		};
		2CA5DDA42C1DB32C007D608E /* Preview Content */ = {
			isa = PBXGroup;
			children = (
				2CA5DDA52C1DB32C007D608E /* Preview Assets.xcassets */,
			);
			path = "Preview Content";
			sourceTree = "<group>";
		};
		2CA5DDAE2C1DB32C007D608E /* iamrich_swiftuiTests */ = {
			isa = PBXGroup;
			children = (
				2CA5DDAF2C1DB32C007D608E /* iamrich_swiftuiTests.swift */,
			);
			path = iamrich_swiftuiTests;
			sourceTree = "<group>";
		};
		2CA5DDB82C1DB32C007D608E /* iamrich_swiftuiUITests */ = {
			isa = PBXGroup;
			children = (
				2CA5DDB92C1DB32C007D608E /* iamrich_swiftuiUITests.swift */,
				2CA5DDBB2C1DB32C007D608E /* iamrich_swiftuiUITestsLaunchTests.swift */,
			);
			path = iamrich_swiftuiUITests;
			sourceTree = "<group>";
		};
/* End PBXGroup section */

/* Begin PBXNativeTarget section */
		2CA5DD9A2C1DB32B007D608E /* iamrich_swiftui */ = {
			isa = PBXNativeTarget;
			buildConfigurationList = 2CA5DDBF2C1DB32C007D608E /* Build configuration list for PBXNativeTarget "iamrich_swiftui" */;
			buildPhases = (
				2CA5DD972C1DB32B007D608E /* Sources */,
				2CA5DD982C1DB32B007D608E /* Frameworks */,
				2CA5DD992C1DB32B007D608E /* Resources */,
			);
			buildRules = (
			);
			dependencies = (
			);
			name = iamrich_swiftui;
			productName = iamrich_swiftui;
			productReference = 2CA5DD9B2C1DB32B007D608E /* iamrich_swiftui.app */;
			productType = "com.apple.product-type.application";
		};
		2CA5DDAA2C1DB32C007D608E /* iamrich_swiftuiTests */ = {
			isa = PBXNativeTarget;
			buildConfigurationList = 2CA5DDC22C1DB32C007D608E /* Build configuration list for PBXNativeTarget "iamrich_swiftuiTests" */;
			buildPhases = (
				2CA5DDA72C1DB32C007D608E /* Sources */,
				2CA5DDA82C1DB32C007D608E /* Frameworks */,
				2CA5DDA92C1DB32C007D608E /* Resources */,
			);
			buildRules = (
			);
			dependencies = (
				2CA5DDAD2C1DB32C007D608E /* PBXTargetDependency */,
			);
			name = iamrich_swiftuiTests;
			productName = iamrich_swiftuiTests;
			productReference = 2CA5DDAB2C1DB32C007D608E /* iamrich_swiftuiTests.xctest */;
			productType = "com.apple.product-type.bundle.unit-test";
		};
		2CA5DDB42C1DB32C007D608E /* iamrich_swiftuiUITests */ = {
			isa = PBXNativeTarget;
			buildConfigurationList = 2CA5DDC52C1DB32C007D608E /* Build configuration list for PBXNativeTarget "iamrich_swiftuiUITests" */;
			buildPhases = (
				2CA5DDB12C1DB32C007D608E /* Sources */,
				2CA5DDB22C1DB32C007D608E /* Frameworks */,
				2CA5DDB32C1DB32C007D608E /* Resources */,
			);
			buildRules = (
			);
			dependencies = (
				2CA5DDB72C1DB32C007D608E /* PBXTargetDependency */,
			);
			name = iamrich_swiftuiUITests;
			productName = iamrich_swiftuiUITests;
			productReference = 2CA5DDB52C1DB32C007D608E /* iamrich_swiftuiUITests.xctest */;
			productType = "com.apple.product-type.bundle.ui-testing";
		};
/* End PBXNativeTarget section */

/* Begin PBXProject section */
		2CA5DD932C1DB32B007D608E /* Project object */ = {
			isa = PBXProject;
			attributes = {
				BuildIndependentTargetsInParallel = 1;
				LastSwiftUpdateCheck = 1540;
				LastUpgradeCheck = 1540;
				TargetAttributes = {
					2CA5DD9A2C1DB32B007D608E = {
						CreatedOnToolsVersion = 15.4;
					};
					2CA5DDAA2C1DB32C007D608E = {
						CreatedOnToolsVersion = 15.4;
						TestTargetID = 2CA5DD9A2C1DB32B007D608E;
					};
					2CA5DDB42C1DB32C007D608E = {
						CreatedOnToolsVersion = 15.4;
						TestTargetID = 2CA5DD9A2C1DB32B007D608E;
					};
				};
			};
			buildConfigurationList = 2CA5DD962C1DB32B007D608E /* Build configuration list for PBXProject "iamrich_swiftui" */;
			compatibilityVersion = "Xcode 14.0";
			developmentRegion = en;
			hasScannedForEncodings = 0;
			knownRegions = (
				en,
				Base,
			);
			mainGroup = 2CA5DD922C1DB32B007D608E;
			productRefGroup = 2CA5DD9C2C1DB32B007D608E /* Products */;
			projectDirPath = "";
			projectRoot = "";
			targets = (
				2CA5DD9A2C1DB32B007D608E /* iamrich_swiftui */,
				2CA5DDAA2C1DB32C007D608E /* iamrich_swiftuiTests */,
				2CA5DDB42C1DB32C007D608E /* iamrich_swiftuiUITests */,
			);
		};
/* End PBXProject section */

/* Begin PBXResourcesBuildPhase section */
		2CA5DD992C1DB32B007D608E /* Resources */ = {
			isa = PBXResourcesBuildPhase;
			buildActionMask = 2147483647;
			files = (
				2CA5DDA62C1DB32C007D608E /* Preview Assets.xcassets in Resources */,
				2CA5DDA32C1DB32C007D608E /* Assets.xcassets in Resources */,
			);
			runOnlyForDeploymentPostprocessing = 0;
		};
		2CA5DDA92C1DB32C007D608E /* Resources */ = {
			isa = PBXResourcesBuildPhase;
			buildActionMask = 2147483647;
			files = (
			);
			runOnlyForDeploymentPostprocessing = 0;
		};
		2CA5DDB32C1DB32C007D608E /* Resources */ = {
			isa = PBXResourcesBuildPhase;
			buildActionMask = 2147483647;
			files = (
			);
			runOnlyForDeploymentPostprocessing = 0;
		};
/* End PBXResourcesBuildPhase section */

/* Begin PBXSourcesBuildPhase section */
		2CA5DD972C1DB32B007D608E /* Sources */ = {
			isa = PBXSourcesBuildPhase;
			buildActionMask = 2147483647;
			files = (
				2CA5DDA12C1DB32B007D608E /* ContentView.swift in Sources */,
				2CA5DD9F2C1DB32B007D608E /* iamrich_swiftuiApp.swift in Sources */,
			);
			runOnlyForDeploymentPostprocessing = 0;
		};
		2CA5DDA72C1DB32C007D608E /* Sources */ = {
			isa = PBXSourcesBuildPhase;
			buildActionMask = 2147483647;
			files = (
				2CA5DDB02C1DB32C007D608E /* iamrich_swiftuiTests.swift in Sources */,
			);
			runOnlyForDeploymentPostprocessing = 0;
		};
		2CA5DDB12C1DB32C007D608E /* Sources */ = {
			isa = PBXSourcesBuildPhase;
			buildActionMask = 2147483647;
			files = (
				2CA5DDBC2C1DB32C007D608E /* iamrich_swiftuiUITestsLaunchTests.swift in Sources */,
				2CA5DDBA2C1DB32C007D608E /* iamrich_swiftuiUITests.swift in Sources */,
			);
			runOnlyForDeploymentPostprocessing = 0;
		};
/* End PBXSourcesBuildPhase section */

/* Begin PBXTargetDependency section */
		2CA5DDAD2C1DB32C007D608E /* PBXTargetDependency */ = {
			isa = PBXTargetDependency;
			target = 2CA5DD9A2C1DB32B007D608E /* iamrich_swiftui */;
			targetProxy = 2CA5DDAC2C1DB32C007D608E /* PBXContainerItemProxy */;
		};
		2CA5DDB72C1DB32C007D608E /* PBXTargetDependency */ = {
			isa = PBXTargetDependency;
			target = 2CA5DD9A2C1DB32B007D608E /* iamrich_swiftui */;
			targetProxy = 2CA5DDB62C1DB32C007D608E /* PBXContainerItemProxy */;
		};
/* End PBXTargetDependency section */

/* Begin XCBuildConfiguration section */
		2CA5DDBD2C1DB32C007D608E /* Debug */ = {
			isa = XCBuildConfiguration;
			buildSettings = {
				ALWAYS_SEARCH_USER_PATHS = NO;
				ASSETCATALOG_COMPILER_GENERATE_SWIFT_ASSET_SYMBOL_EXTENSIONS = YES;
				CLANG_ANALYZER_NONNULL = YES;
				CLANG_ANALYZER_NUMBER_OBJECT_CONVERSION = YES_AGGRESSIVE;
				CLANG_CXX_LANGUAGE_STANDARD = "gnu++20";
				CLANG_ENABLE_MODULES = YES;
				CLANG_ENABLE_OBJC_ARC = YES;
				CLANG_ENABLE_OBJC_WEAK = YES;
				CLANG_WARN_BLOCK_CAPTURE_AUTORELEASING = YES;
				CLANG_WARN_BOOL_CONVERSION = YES;
				CLANG_WARN_COMMA = YES;
				CLANG_WARN_CONSTANT_CONVERSION = YES;
				CLANG_WARN_DEPRECATED_OBJC_IMPLEMENTATIONS = YES;
				CLANG_WARN_DIRECT_OBJC_ISA_USAGE = YES_ERROR;
				CLANG_WARN_DOCUMENTATION_COMMENTS = YES;
				CLANG_WARN_EMPTY_BODY = YES;
				CLANG_WARN_ENUM_CONVERSION = YES;
				CLANG_WARN_INFINITE_RECURSION = YES;
				CLANG_WARN_INT_CONVERSION = YES;
				CLANG_WARN_NON_LITERAL_NULL_CONVERSION = YES;
				CLANG_WARN_OBJC_IMPLICIT_RETAIN_SELF = YES;
				CLANG_WARN_OBJC_LITERAL_CONVERSION = YES;
				CLANG_WARN_OBJC_ROOT_CLASS = YES_ERROR;
				CLANG_WARN_QUOTED_INCLUDE_IN_FRAMEWORK_HEADER = YES;
				CLANG_WARN_RANGE_LOOP_ANALYSIS = YES;
				CLANG_WARN_STRICT_PROTOTYPES = YES;
				CLANG_WARN_SUSPICIOUS_MOVE = YES;
				CLANG_WARN_UNGUARDED_AVAILABILITY = YES_AGGRESSIVE;
				CLANG_WARN_UNREACHABLE_CODE = YES;
				CLANG_WARN__DUPLICATE_METHOD_MATCH = YES;
				COPY_PHASE_STRIP = NO;
				DEBUG_INFORMATION_FORMAT = dwarf;
				ENABLE_STRICT_OBJC_MSGSEND = YES;
				ENABLE_TESTABILITY = YES;
				ENABLE_USER_SCRIPT_SANDBOXING = YES;
				GCC_C_LANGUAGE_STANDARD = gnu17;
				GCC_DYNAMIC_NO_PIC = NO;
				GCC_NO_COMMON_BLOCKS = YES;
				GCC_OPTIMIZATION_LEVEL = 0;
				GCC_PREPROCESSOR_DEFINITIONS = (
					"DEBUG=1",
					"$(inherited)",
				);
				GCC_WARN_64_TO_32_BIT_CONVERSION = YES;
				GCC_WARN_ABOUT_RETURN_TYPE = YES_ERROR;
				GCC_WARN_UNDECLARED_SELECTOR = YES;
				GCC_WARN_UNINITIALIZED_AUTOS = YES_AGGRESSIVE;
				GCC_WARN_UNUSED_FUNCTION = YES;
				GCC_WARN_UNUSED_VARIABLE = YES;
				IPHONEOS_DEPLOYMENT_TARGET = 17.5;
				LOCALIZATION_PREFERS_STRING_CATALOGS = YES;
				MTL_ENABLE_DEBUG_INFO = INCLUDE_SOURCE;
				MTL_FAST_MATH = YES;
				ONLY_ACTIVE_ARCH = YES;
				SDKROOT = iphoneos;
				SWIFT_ACTIVE_COMPILATION_CONDITIONS = "DEBUG $(inherited)";
				SWIFT_OPTIMIZATION_LEVEL = "-Onone";
			};
			name = Debug;
		};
		2CA5DDBE2C1DB32C007D608E /* Release */ = {
			isa = XCBuildConfiguration;
			buildSettings = {
				ALWAYS_SEARCH_USER_PATHS = NO;
				ASSETCATALOG_COMPILER_GENERATE_SWIFT_ASSET_SYMBOL_EXTENSIONS = YES;
				CLANG_ANALYZER_NONNULL = YES;
				CLANG_ANALYZER_NUMBER_OBJECT_CONVERSION = YES_AGGRESSIVE;
				CLANG_CXX_LANGUAGE_STANDARD = "gnu++20";
				CLANG_ENABLE_MODULES = YES;
				CLANG_ENABLE_OBJC_ARC = YES;
				CLANG_ENABLE_OBJC_WEAK = YES;
				CLANG_WARN_BLOCK_CAPTURE_AUTORELEASING = YES;
				CLANG_WARN_BOOL_CONVERSION = YES;
				CLANG_WARN_COMMA = YES;
				CLANG_WARN_CONSTANT_CONVERSION = YES;
				CLANG_WARN_DEPRECATED_OBJC_IMPLEMENTATIONS = YES;
				CLANG_WARN_DIRECT_OBJC_ISA_USAGE = YES_ERROR;
				CLANG_WARN_DOCUMENTATION_COMMENTS = YES;
				CLANG_WARN_EMPTY_BODY = YES;
				CLANG_WARN_ENUM_CONVERSION = YES;
				CLANG_WARN_INFINITE_RECURSION = YES;
				CLANG_WARN_INT_CONVERSION = YES;
				CLANG_WARN_NON_LITERAL_NULL_CONVERSION = YES;
				CLANG_WARN_OBJC_IMPLICIT_RETAIN_SELF = YES;
				CLANG_WARN_OBJC_LITERAL_CONVERSION = YES;
				CLANG_WARN_OBJC_ROOT_CLASS = YES_ERROR;
				CLANG_WARN_QUOTED_INCLUDE_IN_FRAMEWORK_HEADER = YES;
				CLANG_WARN_RANGE_LOOP_ANALYSIS = YES;
				CLANG_WARN_STRICT_PROTOTYPES = YES;
				CLANG_WARN_SUSPICIOUS_MOVE = YES;
				CLANG_WARN_UNGUARDED_AVAILABILITY = YES_AGGRESSIVE;
				CLANG_WARN_UNREACHABLE_CODE = YES;
				CLANG_WARN__DUPLICATE_METHOD_MATCH = YES;
				COPY_PHASE_STRIP = NO;
				DEBUG_INFORMATION_FORMAT = "dwarf-with-dsym";
				ENABLE_NS_ASSERTIONS = NO;
				ENABLE_STRICT_OBJC_MSGSEND = YES;
				ENABLE_USER_SCRIPT_SANDBOXING = YES;
				GCC_C_LANGUAGE_STANDARD = gnu17;
				GCC_NO_COMMON_BLOCKS = YES;
				GCC_WARN_64_TO_32_BIT_CONVERSION = YES;
				GCC_WARN_ABOUT_RETURN_TYPE = YES_ERROR;
				GCC_WARN_UNDECLARED_SELECTOR = YES;
				GCC_WARN_UNINITIALIZED_AUTOS = YES_AGGRESSIVE;
				GCC_WARN_UNUSED_FUNCTION = YES;
				GCC_WARN_UNUSED_VARIABLE = YES;
				IPHONEOS_DEPLOYMENT_TARGET = 17.5;
				LOCALIZATION_PREFERS_STRING_CATALOGS = YES;
				MTL_ENABLE_DEBUG_INFO = NO;
				MTL_FAST_MATH = YES;
				SDKROOT = iphoneos;
				SWIFT_COMPILATION_MODE = wholemodule;
				VALIDATE_PRODUCT = YES;
			};
			name = Release;
		};
		2CA5DDC02C1DB32C007D608E /* Debug */ = {
			isa = XCBuildConfiguration;
			buildSettings = {
				ASSETCATALOG_COMPILER_APPICON_NAME = AppIcon;
				ASSETCATALOG_COMPILER_GLOBAL_ACCENT_COLOR_NAME = AccentColor;
				CODE_SIGN_STYLE = Automatic;
				CURRENT_PROJECT_VERSION = 1;
				DEVELOPMENT_ASSET_PATHS = "\"iamrich_swiftui/Preview Content\"";
				ENABLE_PREVIEWS = YES;
				GENERATE_INFOPLIST_FILE = YES;
				INFOPLIST_KEY_UIApplicationSceneManifest_Generation = YES;
				INFOPLIST_KEY_UIApplicationSupportsIndirectInputEvents = YES;
				INFOPLIST_KEY_UILaunchScreen_Generation = YES;
				INFOPLIST_KEY_UISupportedInterfaceOrientations_iPad = "UIInterfaceOrientationPortrait UIInterfaceOrientationPortraitUpsideDown UIInterfaceOrientationLandscapeLeft UIInterfaceOrientationLandscapeRight";
				INFOPLIST_KEY_UISupportedInterfaceOrientations_iPhone = "UIInterfaceOrientationPortrait UIInterfaceOrientationLandscapeLeft UIInterfaceOrientationLandscapeRight";
				LD_RUNPATH_SEARCH_PATHS = (
					"$(inherited)",
					"@executable_path/Frameworks",
				);
				MARKETING_VERSION = 1.0;
				PRODUCT_BUNDLE_IDENTIFIER = "com.ashourz.iamrich-swiftui";
				PRODUCT_NAME = "$(TARGET_NAME)";
				SWIFT_EMIT_LOC_STRINGS = YES;
				SWIFT_VERSION = 5.0;
				TARGETED_DEVICE_FAMILY = "1,2";
			};
			name = Debug;
		};
		2CA5DDC12C1DB32C007D608E /* Release */ = {
			isa = XCBuildConfiguration;
			buildSettings = {
				ASSETCATALOG_COMPILER_APPICON_NAME = AppIcon;
				ASSETCATALOG_COMPILER_GLOBAL_ACCENT_COLOR_NAME = AccentColor;
				CODE_SIGN_STYLE = Automatic;
				CURRENT_PROJECT_VERSION = 1;
				DEVELOPMENT_ASSET_PATHS = "\"iamrich_swiftui/Preview Content\"";
				ENABLE_PREVIEWS = YES;
				GENERATE_INFOPLIST_FILE = YES;
				INFOPLIST_KEY_UIApplicationSceneManifest_Generation = YES;
				INFOPLIST_KEY_UIApplicationSupportsIndirectInputEvents = YES;
				INFOPLIST_KEY_UILaunchScreen_Generation = YES;
				INFOPLIST_KEY_UISupportedInterfaceOrientations_iPad = "UIInterfaceOrientationPortrait UIInterfaceOrientationPortraitUpsideDown UIInterfaceOrientationLandscapeLeft UIInterfaceOrientationLandscapeRight";
				INFOPLIST_KEY_UISupportedInterfaceOrientations_iPhone = "UIInterfaceOrientationPortrait UIInterfaceOrientationLandscapeLeft UIInterfaceOrientationLandscapeRight";
				LD_RUNPATH_SEARCH_PATHS = (
					"$(inherited)",
					"@executable_path/Frameworks",
				);
				MARKETING_VERSION = 1.0;
				PRODUCT_BUNDLE_IDENTIFIER = "com.ashourz.iamrich-swiftui";
				PRODUCT_NAME = "$(TARGET_NAME)";
				SWIFT_EMIT_LOC_STRINGS = YES;
				SWIFT_VERSION = 5.0;
				TARGETED_DEVICE_FAMILY = "1,2";
			};
			name = Release;
		};
		2CA5DDC32C1DB32C007D608E /* Debug */ = {
			isa = XCBuildConfiguration;
			buildSettings = {
				ALWAYS_EMBED_SWIFT_STANDARD_LIBRARIES = YES;
				BUNDLE_LOADER = "$(TEST_HOST)";
				CODE_SIGN_STYLE = Automatic;
				CURRENT_PROJECT_VERSION = 1;
				GENERATE_INFOPLIST_FILE = YES;
				IPHONEOS_DEPLOYMENT_TARGET = 17.5;
				MARKETING_VERSION = 1.0;
				PRODUCT_BUNDLE_IDENTIFIER = "com.ashourz.iamrich-swiftuiTests";
				PRODUCT_NAME = "$(TARGET_NAME)";
				SWIFT_EMIT_LOC_STRINGS = NO;
				SWIFT_VERSION = 5.0;
				TARGETED_DEVICE_FAMILY = "1,2";
				TEST_HOST = "$(BUILT_PRODUCTS_DIR)/iamrich_swiftui.app/$(BUNDLE_EXECUTABLE_FOLDER_PATH)/iamrich_swiftui";
			};
			name = Debug;
		};
		2CA5DDC42C1DB32C007D608E /* Release */ = {
			isa = XCBuildConfiguration;
			buildSettings = {
				ALWAYS_EMBED_SWIFT_STANDARD_LIBRARIES = YES;
				BUNDLE_LOADER = "$(TEST_HOST)";
				CODE_SIGN_STYLE = Automatic;
				CURRENT_PROJECT_VERSION = 1;
				GENERATE_INFOPLIST_FILE = YES;
				IPHONEOS_DEPLOYMENT_TARGET = 17.5;
				MARKETING_VERSION = 1.0;
				PRODUCT_BUNDLE_IDENTIFIER = "com.ashourz.iamrich-swiftuiTests";
				PRODUCT_NAME = "$(TARGET_NAME)";
				SWIFT_EMIT_LOC_STRINGS = NO;
				SWIFT_VERSION = 5.0;
				TARGETED_DEVICE_FAMILY = "1,2";
				TEST_HOST = "$(BUILT_PRODUCTS_DIR)/iamrich_swiftui.app/$(BUNDLE_EXECUTABLE_FOLDER_PATH)/iamrich_swiftui";
			};
			name = Release;
		};
		2CA5DDC62C1DB32C007D608E /* Debug */ = {
			isa = XCBuildConfiguration;
			buildSettings = {
				ALWAYS_EMBED_SWIFT_STANDARD_LIBRARIES = YES;
				CODE_SIGN_STYLE = Automatic;
				CURRENT_PROJECT_VERSION = 1;
				GENERATE_INFOPLIST_FILE = YES;
				MARKETING_VERSION = 1.0;
				PRODUCT_BUNDLE_IDENTIFIER = "com.ashourz.iamrich-swiftuiUITests";
				PRODUCT_NAME = "$(TARGET_NAME)";
				SWIFT_EMIT_LOC_STRINGS = NO;
				SWIFT_VERSION = 5.0;
				TARGETED_DEVICE_FAMILY = "1,2";
				TEST_TARGET_NAME = iamrich_swiftui;
			};
			name = Debug;
		};
		2CA5DDC72C1DB32C007D608E /* Release */ = {
			isa = XCBuildConfiguration;
			buildSettings = {
				ALWAYS_EMBED_SWIFT_STANDARD_LIBRARIES = YES;
				CODE_SIGN_STYLE = Automatic;
				CURRENT_PROJECT_VERSION = 1;
				GENERATE_INFOPLIST_FILE = YES;
				MARKETING_VERSION = 1.0;
				PRODUCT_BUNDLE_IDENTIFIER = "com.ashourz.iamrich-swiftuiUITests";
				PRODUCT_NAME = "$(TARGET_NAME)";
				SWIFT_EMIT_LOC_STRINGS = NO;
				SWIFT_VERSION = 5.0;
				TARGETED_DEVICE_FAMILY = "1,2";
				TEST_TARGET_NAME = iamrich_swiftui;
			};
			name = Release;
		};
/* End XCBuildConfiguration section */

/* Begin XCConfigurationList section */
		2CA5DD962C1DB32B007D608E /* Build configuration list for PBXProject "iamrich_swiftui" */ = {
			isa = XCConfigurationList;
			buildConfigurations = (
				2CA5DDBD2C1DB32C007D608E /* Debug */,
				2CA5DDBE2C1DB32C007D608E /* Release */,
			);
			defaultConfigurationIsVisible = 0;
			defaultConfigurationName = Release;
		};
		2CA5DDBF2C1DB32C007D608E /* Build configuration list for PBXNativeTarget "iamrich_swiftui" */ = {
			isa = XCConfigurationList;
			buildConfigurations = (
				2CA5DDC02C1DB32C007D608E /* Debug */,
				2CA5DDC12C1DB32C007D608E /* Release */,
			);
			defaultConfigurationIsVisible = 0;
			defaultConfigurationName = Release;
		};
		2CA5DDC22C1DB32C007D608E /* Build configuration list for PBXNativeTarget "iamrich_swiftuiTests" */ = {
			isa = XCConfigurationList;
			buildConfigurations = (
				2CA5DDC32C1DB32C007D608E /* Debug */,
				2CA5DDC42C1DB32C007D608E /* Release */,
			);
			defaultConfigurationIsVisible = 0;
			defaultConfigurationName = Release;
		};
		2CA5DDC52C1DB32C007D608E /* Build configuration list for PBXNativeTarget "iamrich_swiftuiUITests" */ = {
			isa = XCConfigurationList;
			buildConfigurations = (
				2CA5DDC62C1DB32C007D608E /* Debug */,
				2CA5DDC72C1DB32C007D608E /* Release */,
			);
			defaultConfigurationIsVisible = 0;
			defaultConfigurationName = Release;
		};
/* End XCConfigurationList section */
	};
	rootObject = 2CA5DD932C1DB32B007D608E /* Project object */;
}
